Microsoft Visual Studio Solution File, Format Version 12.00
# Visual Studio Version 17
VisualStudioVersion = 17.0.31903.59
MinimumVisualStudioVersion = 10.0.40219.1
Project("{FAE04EC0-301F-11D3-BF4B-00C04F79EFBC}") = "CsvForge", "src\CsvForge\CsvForge.csproj", "{1B0A73FA-68D9-4A80-A6AC-42DAB0B37D6E}"
EndProject
Project("{FAE04EC0-301F-11D3-BF4B-00C04F79EFBC}") = "CsvForge.Tests", "tests\CsvForge.Tests\CsvForge.Tests.csproj", "{B98C01BB-DAF4-493A-8DC3-CB2D37B00C69}"
EndProject
Project("{FAE04EC0-301F-11D3-BF4B-00C04F79EFBC}") = "CsvForge.Benchmarks", "benchmarks\CsvForge.Benchmarks\CsvForge.Benchmarks.csproj", "{3196A150-4E29-4C9C-B4C0-94A2E6C2A6B7}"
EndProject
Project("{FAE04EC0-301F-11D3-BF4B-00C04F79EFBC}") = "CsvForge.SourceGenerator", "src\CsvForge.SourceGenerator\CsvForge.SourceGenerator.csproj", "{A1E7BCE1-4D41-4D53-A856-6E31E54A8A4B}"
EndProject
Project("{FAE04EC0-301F-11D3-BF4B-00C04F79EFBC}") = "CsvForge.GeneratedSerializerSample", "samples\CsvForge.GeneratedSerializerSample\CsvForge.GeneratedSerializerSample.csproj", "{D2C09A55-4A87-4E75-9331-502632AEB90D}"
EndProject
Global
	GlobalSection(SolutionConfigurationPlatforms) = preSolution
		Debug|Any CPU = Debug|Any CPU
		Release|Any CPU = Release|Any CPU
	EndGlobalSection
	GlobalSection(ProjectConfigurationPlatforms) = postSolution
		{1B0A73FA-68D9-4A80-A6AC-42DAB0B37D6E}.Debug|Any CPU.ActiveCfg = Debug|Any CPU
		{1B0A73FA-68D9-4A80-A6AC-42DAB0B37D6E}.Debug|Any CPU.Build.0 = Debug|Any CPU
		{1B0A73FA-68D9-4A80-A6AC-42DAB0B37D6E}.Release|Any CPU.ActiveCfg = Release|Any CPU
		{1B0A73FA-68D9-4A80-A6AC-42DAB0B37D6E}.Release|Any CPU.Build.0 = Release|Any CPU
		{B98C01BB-DAF4-493A-8DC3-CB2D37B00C69}.Debug|Any CPU.ActiveCfg = Debug|Any CPU
		{B98C01BB-DAF4-493A-8DC3-CB2D37B00C69}.Debug|Any CPU.Build.0 = Debug|Any CPU
		{B98C01BB-DAF4-493A-8DC3-CB2D37B00C69}.Release|Any CPU.ActiveCfg = Release|Any CPU
		{B98C01BB-DAF4-493A-8DC3-CB2D37B00C69}.Release|Any CPU.Build.0 = Release|Any CPU
		{3196A150-4E29-4C9C-B4C0-94A2E6C2A6B7}.Debug|Any CPU.ActiveCfg = Debug|Any CPU
		{3196A150-4E29-4C9C-B4C0-94A2E6C2A6B7}.Debug|Any CPU.Build.0 = Debug|Any CPU
		{3196A150-4E29-4C9C-B4C0-94A2E6C2A6B7}.Release|Any CPU.ActiveCfg = Release|Any CPU
		{3196A150-4E29-4C9C-B4C0-94A2E6C2A6B7}.Release|Any CPU.Build.0 = Release|Any CPU
		{A1E7BCE1-4D41-4D53-A856-6E31E54A8A4B}.Debug|Any CPU.ActiveCfg = Debug|Any CPU
		{A1E7BCE1-4D41-4D53-A856-6E31E54A8A4B}.Debug|Any CPU.Build.0 = Debug|Any CPU
		{A1E7BCE1-4D41-4D53-A856-6E31E54A8A4B}.Release|Any CPU.ActiveCfg = Release|Any CPU
		{A1E7BCE1-4D41-4D53-A856-6E31E54A8A4B}.Release|Any CPU.Build.0 = Release|Any CPU
		{D2C09A55-4A87-4E75-9331-502632AEB90D}.Debug|Any CPU.ActiveCfg = Debug|Any CPU
		{D2C09A55-4A87-4E75-9331-502632AEB90D}.Debug|Any CPU.Build.0 = Debug|Any CPU
		{D2C09A55-4A87-4E75-9331-502632AEB90D}.Release|Any CPU.ActiveCfg = Release|Any CPU
		{D2C09A55-4A87-4E75-9331-502632AEB90D}.Release|Any CPU.Build.0 = Release|Any CPU
	EndGlobalSection
	GlobalSection(SolutionProperties) = preSolution
		HideSolutionNode = FALSE
	EndGlobalSection
EndGlobal
